
Microsoft Visual Studio Solution File, Format Version 12.00
# Visual Studio Version 16
VisualStudioVersion = 16.0.30128.74
MinimumVisualStudioVersion = 10.0.40219.1
Project("{8BC9CEB8-8B4A-11D0-8D11-00A0C91BC942}") = "class5", "class5.vcxproj", "{86CF0FF7-A6AA-40B6-83B2-25F7549CBEC1}"
EndProject
Global
	GlobalSection(SolutionConfigurationPlatforms) = preSolution
		Debug|x64 = Debug|x64
		Debug|x86 = Debug|x86
		Release|x64 = Release|x64
		Release|x86 = Release|x86
	EndGlobalSection
	GlobalSection(ProjectConfigurationPlatforms) = postSolution
		{86CF0FF7-A6AA-40B6-83B2-25F7549CBEC1}.Debug|x64.ActiveCfg = Debug|x64
		{86CF0FF7-A6AA-40B6-83B2-25F7549CBEC1}.Debug|x64.Build.0 = Debug|x64
		{86CF0FF7-A6AA-40B6-83B2-25F7549CBEC1}.Debug|x86.ActiveCfg = Debug|Win32
		{86CF0FF7-A6AA-40B6-83B2-25F7549CBEC1}.Debug|x86.Build.0 = Debug|Win32
		{86CF0FF7-A6AA-40B6-83B2-25F7549CBEC1}.Release|x64.ActiveCfg = Release|x64
		{86CF0FF7-A6AA-40B6-83B2-25F7549CBEC1}.Release|x64.Build.0 = Release|x64
		{86CF0FF7-A6AA-40B6-83B2-25F7549CBEC1}.Release|x86.ActiveCfg = Release|Win32
		{86CF0FF7-A6AA-40B6-83B2-25F7549CBEC1}.Release|x86.Build.0 = Release|Win32
	EndGlobalSection
	GlobalSection(SolutionProperties) = preSolution
		HideSolutionNode = FALSE
	EndGlobalSection
	GlobalSection(ExtensibilityGlobals) = postSolution
		SolutionGuid = {382FFDD7-A84B-42F2-A8BE-EC068AE06402}
	EndGlobalSection
EndGlobal
